
Microsoft Visual Studio Solution File, Format Version 12.00
# Visual Studio Version 16
VisualStudioVersion = 16.0.31005.135
MinimumVisualStudioVersion = 10.0.40219.1
Project("{FAE04EC0-301F-11D3-BF4B-00C04F79EFBC}") = "LU-Factorization", "LU-Factorization.csproj", "{3AF97866-AE8F-4440-8FC5-B4E74ED5EDC4}"
EndProject
Global
	GlobalSection(SolutionConfigurationPlatforms) = preSolution
		Debug|Any CPU = Debug|Any CPU
		Release|Any CPU = Release|Any CPU
	EndGlobalSection
	GlobalSection(ProjectConfigurationPlatforms) = postSolution
		{3AF97866-AE8F-4440-8FC5-B4E74ED5EDC4}.Debug|Any CPU.ActiveCfg = Debug|Any CPU
		{3AF97866-AE8F-4440-8FC5-B4E74ED5EDC4}.Debug|Any CPU.Build.0 = Debug|Any CPU
		{3AF97866-AE8F-4440-8FC5-B4E74ED5EDC4}.Release|Any CPU.ActiveCfg = Release|Any CPU
		{3AF97866-AE8F-4440-8FC5-B4E74ED5EDC4}.Release|Any CPU.Build.0 = Release|Any CPU
	EndGlobalSection
	GlobalSection(SolutionProperties) = preSolution
		HideSolutionNode = FALSE
	EndGlobalSection
	GlobalSection(ExtensibilityGlobals) = postSolution
		SolutionGuid = {411B30F2-795C-4211-B7F8-E33ABC7BC135}
	EndGlobalSection
EndGlobal
